// !$*UTF8*$!
{
	archiveVersion = 1;
	classes = {
	};
	objectVersion = 56;
	objects = {

/* Begin PBXBuildFile section */
		AF4BE8F6291B9B990061DD43 /* ShoppingAppApp.swift in Sources */ = {isa = PBXBuildFile; fileRef = AF4BE8F5291B9B990061DD43 /* ShoppingAppApp.swift */; };
		AF4BE8F8291B9B990061DD43 /* ContentView.swift in Sources */ = {isa = PBXBuildFile; fileRef = AF4BE8F7291B9B990061DD43 /* ContentView.swift */; };
		AF4BE8FA291B9B9B0061DD43 /* Assets.xcassets in Resources */ = {isa = PBXBuildFile; fileRef = AF4BE8F9291B9B9B0061DD43 /* Assets.xcassets */; };
		AF4BE8FD291B9B9B0061DD43 /* Preview Assets.xcassets in Resources */ = {isa = PBXBuildFile; fileRef = AF4BE8FC291B9B9B0061DD43 /* Preview Assets.xcassets */; };
		AF4BE904291B9E470061DD43 /* OnBoardingScreenView.swift in Sources */ = {isa = PBXBuildFile; fileRef = AF4BE903291B9E470061DD43 /* OnBoardingScreenView.swift */; };
		AF4BE909291B9ED80061DD43 /* HomeScreen.swift in Sources */ = {isa = PBXBuildFile; fileRef = AF4BE908291B9ED80061DD43 /* HomeScreen.swift */; };
		AF4BE90C291BD21A0061DD43 /* ImageData.swift in Sources */ = {isa = PBXBuildFile; fileRef = AF4BE90B291BD21A0061DD43 /* ImageData.swift */; };
		AF4BE90E291BD2320061DD43 /* NearYouData.swift in Sources */ = {isa = PBXBuildFile; fileRef = AF4BE90D291BD2320061DD43 /* NearYouData.swift */; };
		AF4BE910291BD4510061DD43 /* FruitCardView.swift in Sources */ = {isa = PBXBuildFile; fileRef = AF4BE90F291BD4510061DD43 /* FruitCardView.swift */; };
		AF4BE912291BD8AC0061DD43 /* DetailView.swift in Sources */ = {isa = PBXBuildFile; fileRef = AF4BE911291BD8AC0061DD43 /* DetailView.swift */; };
		AF4BE914291BD8F80061DD43 /* TopSellingView.swift in Sources */ = {isa = PBXBuildFile; fileRef = AF4BE913291BD8F80061DD43 /* TopSellingView.swift */; };
		AF4BE916291BECB20061DD43 /* NearYouView.swift in Sources */ = {isa = PBXBuildFile; fileRef = AF4BE915291BECB20061DD43 /* NearYouView.swift */; };
/* End PBXBuildFile section */

/* Begin PBXFileReference section */
		AF4BE8F2291B9B990061DD43 /* ShoppingApp.app */ = {isa = PBXFileReference; explicitFileType = wrapper.application; includeInIndex = 0; path = ShoppingApp.app; sourceTree = BUILT_PRODUCTS_DIR; };
		AF4BE8F5291B9B990061DD43 /* ShoppingAppApp.swift */ = {isa = PBXFileReference; lastKnownFileType = sourcecode.swift; path = ShoppingAppApp.swift; sourceTree = "<group>"; };
		AF4BE8F7291B9B990061DD43 /* ContentView.swift */ = {isa = PBXFileReference; lastKnownFileType = sourcecode.swift; path = ContentView.swift; sourceTree = "<group>"; };
		AF4BE8F9291B9B9B0061DD43 /* Assets.xcassets */ = {isa = PBXFileReference; lastKnownFileType = folder.assetcatalog; path = Assets.xcassets; sourceTree = "<group>"; };
		AF4BE8FC291B9B9B0061DD43 /* Preview Assets.xcassets */ = {isa = PBXFileReference; lastKnownFileType = folder.assetcatalog; path = "Preview Assets.xcassets"; sourceTree = "<group>"; };
		AF4BE903291B9E470061DD43 /* OnBoardingScreenView.swift */ = {isa = PBXFileReference; lastKnownFileType = sourcecode.swift; path = OnBoardingScreenView.swift; sourceTree = "<group>"; };
		AF4BE908291B9ED80061DD43 /* HomeScreen.swift */ = {isa = PBXFileReference; lastKnownFileType = sourcecode.swift; path = HomeScreen.swift; sourceTree = "<group>"; };
		AF4BE90B291BD21A0061DD43 /* ImageData.swift */ = {isa = PBXFileReference; lastKnownFileType = sourcecode.swift; path = ImageData.swift; sourceTree = "<group>"; };
		AF4BE90D291BD2320061DD43 /* NearYouData.swift */ = {isa = PBXFileReference; lastKnownFileType = sourcecode.swift; path = NearYouData.swift; sourceTree = "<group>"; };
		AF4BE90F291BD4510061DD43 /* FruitCardView.swift */ = {isa = PBXFileReference; lastKnownFileType = sourcecode.swift; path = FruitCardView.swift; sourceTree = "<group>"; };
		AF4BE911291BD8AC0061DD43 /* DetailView.swift */ = {isa = PBXFileReference; lastKnownFileType = sourcecode.swift; path = DetailView.swift; sourceTree = "<group>"; };
		AF4BE913291BD8F80061DD43 /* TopSellingView.swift */ = {isa = PBXFileReference; lastKnownFileType = sourcecode.swift; path = TopSellingView.swift; sourceTree = "<group>"; };
		AF4BE915291BECB20061DD43 /* NearYouView.swift */ = {isa = PBXFileReference; lastKnownFileType = sourcecode.swift; path = NearYouView.swift; sourceTree = "<group>"; };
/* End PBXFileReference section */

/* Begin PBXFrameworksBuildPhase section */
		AF4BE8EF291B9B990061DD43 /* Frameworks */ = {
			isa = PBXFrameworksBuildPhase;
			buildActionMask = 2147483647;
			files = (
			);
			runOnlyForDeploymentPostprocessing = 0;
		};
/* End PBXFrameworksBuildPhase section */

/* Begin PBXGroup section */
		AF4BE8E9291B9B990061DD43 = {
			isa = PBXGroup;
			children = (
				AF4BE8F4291B9B990061DD43 /* ShoppingApp */,
				AF4BE8F3291B9B990061DD43 /* Products */,
			);
			sourceTree = "<group>";
		};
		AF4BE8F3291B9B990061DD43 /* Products */ = {
			isa = PBXGroup;
			children = (
				AF4BE8F2291B9B990061DD43 /* ShoppingApp.app */,
			);
			name = Products;
			sourceTree = "<group>";
		};
		AF4BE8F4291B9B990061DD43 /* ShoppingApp */ = {
			isa = PBXGroup;
			children = (
				AF4BE90A291BD1EF0061DD43 /* Model */,
				AF4BE907291B9E840061DD43 /* HomeScreenView */,
				AF4BE903291B9E470061DD43 /* OnBoardingScreenView.swift */,
				AF4BE8F5291B9B990061DD43 /* ShoppingAppApp.swift */,
				AF4BE8F7291B9B990061DD43 /* ContentView.swift */,
				AF4BE8F9291B9B9B0061DD43 /* Assets.xcassets */,
				AF4BE8FB291B9B9B0061DD43 /* Preview Content */,
			);
			path = ShoppingApp;
			sourceTree = "<group>";
		};
		AF4BE8FB291B9B9B0061DD43 /* Preview Content */ = {
			isa = PBXGroup;
			children = (
				AF4BE8FC291B9B9B0061DD43 /* Preview Assets.xcassets */,
			);
			path = "Preview Content";
			sourceTree = "<group>";
		};
		AF4BE907291B9E840061DD43 /* HomeScreenView */ = {
			isa = PBXGroup;
			children = (
				AF4BE908291B9ED80061DD43 /* HomeScreen.swift */,
				AF4BE90F291BD4510061DD43 /* FruitCardView.swift */,
				AF4BE911291BD8AC0061DD43 /* DetailView.swift */,
				AF4BE913291BD8F80061DD43 /* TopSellingView.swift */,
				AF4BE915291BECB20061DD43 /* NearYouView.swift */,
			);
			path = HomeScreenView;
			sourceTree = "<group>";
		};
		AF4BE90A291BD1EF0061DD43 /* Model */ = {
			isa = PBXGroup;
			children = (
				AF4BE90B291BD21A0061DD43 /* ImageData.swift */,
				AF4BE90D291BD2320061DD43 /* NearYouData.swift */,
			);
			path = Model;
			sourceTree = "<group>";
		};
/* End PBXGroup section */

/* Begin PBXNativeTarget section */
		AF4BE8F1291B9B990061DD43 /* ShoppingApp */ = {
			isa = PBXNativeTarget;
			buildConfigurationList = AF4BE900291B9B9B0061DD43 /* Build configuration list for PBXNativeTarget "ShoppingApp" */;
			buildPhases = (
				AF4BE8EE291B9B990061DD43 /* Sources */,
				AF4BE8EF291B9B990061DD43 /* Frameworks */,
				AF4BE8F0291B9B990061DD43 /* Resources */,
			);
			buildRules = (
			);
			dependencies = (
			);
			name = ShoppingApp;
			productName = ShoppingApp;
			productReference = AF4BE8F2291B9B990061DD43 /* ShoppingApp.app */;
			productType = "com.apple.product-type.application";
		};
/* End PBXNativeTarget section */

/* Begin PBXProject section */
		AF4BE8EA291B9B990061DD43 /* Project object */ = {
			isa = PBXProject;
			attributes = {
				BuildIndependentTargetsInParallel = 1;
				LastSwiftUpdateCheck = 1410;
				LastUpgradeCheck = 1410;
				TargetAttributes = {
					AF4BE8F1291B9B990061DD43 = {
						CreatedOnToolsVersion = 14.1;
					};
				};
			};
			buildConfigurationList = AF4BE8ED291B9B990061DD43 /* Build configuration list for PBXProject "ShoppingApp" */;
			compatibilityVersion = "Xcode 14.0";
			developmentRegion = en;
			hasScannedForEncodings = 0;
			knownRegions = (
				en,
				Base,
			);
			mainGroup = AF4BE8E9291B9B990061DD43;
			productRefGroup = AF4BE8F3291B9B990061DD43 /* Products */;
			projectDirPath = "";
			projectRoot = "";
			targets = (
				AF4BE8F1291B9B990061DD43 /* ShoppingApp */,
			);
		};
/* End PBXProject section */

/* Begin PBXResourcesBuildPhase section */
		AF4BE8F0291B9B990061DD43 /* Resources */ = {
			isa = PBXResourcesBuildPhase;
			buildActionMask = 2147483647;
			files = (
				AF4BE8FD291B9B9B0061DD43 /* Preview Assets.xcassets in Resources */,
				AF4BE8FA291B9B9B0061DD43 /* Assets.xcassets in Resources */,
			);
			runOnlyForDeploymentPostprocessing = 0;
		};
/* End PBXResourcesBuildPhase section */

/* Begin PBXSourcesBuildPhase section */
		AF4BE8EE291B9B990061DD43 /* Sources */ = {
			isa = PBXSourcesBuildPhase;
			buildActionMask = 2147483647;
			files = (
				AF4BE909291B9ED80061DD43 /* HomeScreen.swift in Sources */,
				AF4BE912291BD8AC0061DD43 /* DetailView.swift in Sources */,
				AF4BE914291BD8F80061DD43 /* TopSellingView.swift in Sources */,
				AF4BE90E291BD2320061DD43 /* NearYouData.swift in Sources */,
				AF4BE904291B9E470061DD43 /* OnBoardingScreenView.swift in Sources */,
				AF4BE8F8291B9B990061DD43 /* ContentView.swift in Sources */,
				AF4BE916291BECB20061DD43 /* NearYouView.swift in Sources */,
				AF4BE910291BD4510061DD43 /* FruitCardView.swift in Sources */,
				AF4BE90C291BD21A0061DD43 /* ImageData.swift in Sources */,
				AF4BE8F6291B9B990061DD43 /* ShoppingAppApp.swift in Sources */,
			);
			runOnlyForDeploymentPostprocessing = 0;
		};
/* End PBXSourcesBuildPhase section */

/* Begin XCBuildConfiguration section */
		AF4BE8FE291B9B9B0061DD43 /* Debug */ = {
			isa = XCBuildConfiguration;
			buildSettings = {
				ALWAYS_SEARCH_USER_PATHS = NO;
				CLANG_ANALYZER_NONNULL = YES;
				CLANG_ANALYZER_NUMBER_OBJECT_CONVERSION = YES_AGGRESSIVE;
				CLANG_CXX_LANGUAGE_STANDARD = "gnu++20";
				CLANG_ENABLE_MODULES = YES;
				CLANG_ENABLE_OBJC_ARC = YES;
				CLANG_ENABLE_OBJC_WEAK = YES;
				CLANG_WARN_BLOCK_CAPTURE_AUTORELEASING = YES;
				CLANG_WARN_BOOL_CONVERSION = YES;
				CLANG_WARN_COMMA = YES;
				CLANG_WARN_CONSTANT_CONVERSION = YES;
				CLANG_WARN_DEPRECATED_OBJC_IMPLEMENTATIONS = YES;
				CLANG_WARN_DIRECT_OBJC_ISA_USAGE = YES_ERROR;
				CLANG_WARN_DOCUMENTATION_COMMENTS = YES;
				CLANG_WARN_EMPTY_BODY = YES;
				CLANG_WARN_ENUM_CONVERSION = YES;
				CLANG_WARN_INFINITE_RECURSION = YES;
				CLANG_WARN_INT_CONVERSION = YES;
				CLANG_WARN_NON_LITERAL_NULL_CONVERSION = YES;
				CLANG_WARN_OBJC_IMPLICIT_RETAIN_SELF = YES;
				CLANG_WARN_OBJC_LITERAL_CONVERSION = YES;
				CLANG_WARN_OBJC_ROOT_CLASS = YES_ERROR;
				CLANG_WARN_QUOTED_INCLUDE_IN_FRAMEWORK_HEADER = YES;
				CLANG_WARN_RANGE_LOOP_ANALYSIS = YES;
				CLANG_WARN_STRICT_PROTOTYPES = YES;
				CLANG_WARN_SUSPICIOUS_MOVE = YES;
				CLANG_WARN_UNGUARDED_AVAILABILITY = YES_AGGRESSIVE;
				CLANG_WARN_UNREACHABLE_CODE = YES;
				CLANG_WARN__DUPLICATE_METHOD_MATCH = YES;
				COPY_PHASE_STRIP = NO;
				DEBUG_INFORMATION_FORMAT = dwarf;
				ENABLE_STRICT_OBJC_MSGSEND = YES;
				ENABLE_TESTABILITY = YES;
				GCC_C_LANGUAGE_STANDARD = gnu11;
				GCC_DYNAMIC_NO_PIC = NO;
				GCC_NO_COMMON_BLOCKS = YES;
				GCC_OPTIMIZATION_LEVEL = 0;
				GCC_PREPROCESSOR_DEFINITIONS = (
					"DEBUG=1",
					"$(inherited)",
				);
				GCC_WARN_64_TO_32_BIT_CONVERSION = YES;
				GCC_WARN_ABOUT_RETURN_TYPE = YES_ERROR;
				GCC_WARN_UNDECLARED_SELECTOR = YES;
				GCC_WARN_UNINITIALIZED_AUTOS = YES_AGGRESSIVE;
				GCC_WARN_UNUSED_FUNCTION = YES;
				GCC_WARN_UNUSED_VARIABLE = YES;
				IPHONEOS_DEPLOYMENT_TARGET = 16.1;
				MTL_ENABLE_DEBUG_INFO = INCLUDE_SOURCE;
				MTL_FAST_MATH = YES;
				ONLY_ACTIVE_ARCH = YES;
				SDKROOT = iphoneos;
				SWIFT_ACTIVE_COMPILATION_CONDITIONS = DEBUG;
				SWIFT_OPTIMIZATION_LEVEL = "-Onone";
			};
			name = Debug;
		};
		AF4BE8FF291B9B9B0061DD43 /* Release */ = {
			isa = XCBuildConfiguration;
			buildSettings = {
				ALWAYS_SEARCH_USER_PATHS = NO;
				CLANG_ANALYZER_NONNULL = YES;
				CLANG_ANALYZER_NUMBER_OBJECT_CONVERSION = YES_AGGRESSIVE;
				CLANG_CXX_LANGUAGE_STANDARD = "gnu++20";
				CLANG_ENABLE_MODULES = YES;
				CLANG_ENABLE_OBJC_ARC = YES;
				CLANG_ENABLE_OBJC_WEAK = YES;
				CLANG_WARN_BLOCK_CAPTURE_AUTORELEASING = YES;
				CLANG_WARN_BOOL_CONVERSION = YES;
				CLANG_WARN_COMMA = YES;
				CLANG_WARN_CONSTANT_CONVERSION = YES;
				CLANG_WARN_DEPRECATED_OBJC_IMPLEMENTATIONS = YES;
				CLANG_WARN_DIRECT_OBJC_ISA_USAGE = YES_ERROR;
				CLANG_WARN_DOCUMENTATION_COMMENTS = YES;
				CLANG_WARN_EMPTY_BODY = YES;
				CLANG_WARN_ENUM_CONVERSION = YES;
				CLANG_WARN_INFINITE_RECURSION = YES;
				CLANG_WARN_INT_CONVERSION = YES;
				CLANG_WARN_NON_LITERAL_NULL_CONVERSION = YES;
				CLANG_WARN_OBJC_IMPLICIT_RETAIN_SELF = YES;
				CLANG_WARN_OBJC_LITERAL_CONVERSION = YES;
				CLANG_WARN_OBJC_ROOT_CLASS = YES_ERROR;
				CLANG_WARN_QUOTED_INCLUDE_IN_FRAMEWORK_HEADER = YES;
				CLANG_WARN_RANGE_LOOP_ANALYSIS = YES;
				CLANG_WARN_STRICT_PROTOTYPES = YES;
				CLANG_WARN_SUSPICIOUS_MOVE = YES;
				CLANG_WARN_UNGUARDED_AVAILABILITY = YES_AGGRESSIVE;
				CLANG_WARN_UNREACHABLE_CODE = YES;
				CLANG_WARN__DUPLICATE_METHOD_MATCH = YES;
				COPY_PHASE_STRIP = NO;
				DEBUG_INFORMATION_FORMAT = "dwarf-with-dsym";
				ENABLE_NS_ASSERTIONS = NO;
				ENABLE_STRICT_OBJC_MSGSEND = YES;
				GCC_C_LANGUAGE_STANDARD = gnu11;
				GCC_NO_COMMON_BLOCKS = YES;
				GCC_WARN_64_TO_32_BIT_CONVERSION = YES;
				GCC_WARN_ABOUT_RETURN_TYPE = YES_ERROR;
				GCC_WARN_UNDECLARED_SELECTOR = YES;
				GCC_WARN_UNINITIALIZED_AUTOS = YES_AGGRESSIVE;
				GCC_WARN_UNUSED_FUNCTION = YES;
				GCC_WARN_UNUSED_VARIABLE = YES;
				IPHONEOS_DEPLOYMENT_TARGET = 16.1;
				MTL_ENABLE_DEBUG_INFO = NO;
				MTL_FAST_MATH = YES;
				SDKROOT = iphoneos;
				SWIFT_COMPILATION_MODE = wholemodule;
				SWIFT_OPTIMIZATION_LEVEL = "-O";
				VALIDATE_PRODUCT = YES;
			};
			name = Release;
		};
		AF4BE901291B9B9B0061DD43 /* Debug */ = {
			isa = XCBuildConfiguration;
			buildSettings = {
				ASSETCATALOG_COMPILER_APPICON_NAME = AppIcon;
				ASSETCATALOG_COMPILER_GLOBAL_ACCENT_COLOR_NAME = AccentColor;
				CODE_SIGN_STYLE = Automatic;
				CURRENT_PROJECT_VERSION = 1;
				DEVELOPMENT_ASSET_PATHS = "\"ShoppingApp/Preview Content\"";
				ENABLE_PREVIEWS = YES;
				GENERATE_INFOPLIST_FILE = YES;
				INFOPLIST_KEY_UIApplicationSceneManifest_Generation = YES;
				INFOPLIST_KEY_UIApplicationSupportsIndirectInputEvents = YES;
				INFOPLIST_KEY_UILaunchScreen_Generation = YES;
				INFOPLIST_KEY_UISupportedInterfaceOrientations_iPad = "UIInterfaceOrientationPortrait UIInterfaceOrientationPortraitUpsideDown UIInterfaceOrientationLandscapeLeft UIInterfaceOrientationLandscapeRight";
				INFOPLIST_KEY_UISupportedInterfaceOrientations_iPhone = "UIInterfaceOrientationPortrait UIInterfaceOrientationLandscapeLeft UIInterfaceOrientationLandscapeRight";
				LD_RUNPATH_SEARCH_PATHS = (
					"$(inherited)",
					"@executable_path/Frameworks",
				);
				MARKETING_VERSION = 1.0;
				PRODUCT_BUNDLE_IDENTIFIER = com.studzim.best.ShoppingApp;
				PRODUCT_NAME = "$(TARGET_NAME)";
				SWIFT_EMIT_LOC_STRINGS = YES;
				SWIFT_VERSION = 5.0;
				TARGETED_DEVICE_FAMILY = "1,2";
			};
			name = Debug;
		};
		AF4BE902291B9B9B0061DD43 /* Release */ = {
			isa = XCBuildConfiguration;
			buildSettings = {
				ASSETCATALOG_COMPILER_APPICON_NAME = AppIcon;
				ASSETCATALOG_COMPILER_GLOBAL_ACCENT_COLOR_NAME = AccentColor;
				CODE_SIGN_STYLE = Automatic;
				CURRENT_PROJECT_VERSION = 1;
				DEVELOPMENT_ASSET_PATHS = "\"ShoppingApp/Preview Content\"";
				ENABLE_PREVIEWS = YES;
				GENERATE_INFOPLIST_FILE = YES;
				INFOPLIST_KEY_UIApplicationSceneManifest_Generation = YES;
				INFOPLIST_KEY_UIApplicationSupportsIndirectInputEvents = YES;
				INFOPLIST_KEY_UILaunchScreen_Generation = YES;
				INFOPLIST_KEY_UISupportedInterfaceOrientations_iPad = "UIInterfaceOrientationPortrait UIInterfaceOrientationPortraitUpsideDown UIInterfaceOrientationLandscapeLeft UIInterfaceOrientationLandscapeRight";
				INFOPLIST_KEY_UISupportedInterfaceOrientations_iPhone = "UIInterfaceOrientationPortrait UIInterfaceOrientationLandscapeLeft UIInterfaceOrientationLandscapeRight";
				LD_RUNPATH_SEARCH_PATHS = (
					"$(inherited)",
					"@executable_path/Frameworks",
				);
				MARKETING_VERSION = 1.0;
				PRODUCT_BUNDLE_IDENTIFIER = com.studzim.best.ShoppingApp;
				PRODUCT_NAME = "$(TARGET_NAME)";
				SWIFT_EMIT_LOC_STRINGS = YES;
				SWIFT_VERSION = 5.0;
				TARGETED_DEVICE_FAMILY = "1,2";
			};
			name = Release;
		};
/* End XCBuildConfiguration section */

/* Begin XCConfigurationList section */
		AF4BE8ED291B9B990061DD43 /* Build configuration list for PBXProject "ShoppingApp" */ = {
			isa = XCConfigurationList;
			buildConfigurations = (
				AF4BE8FE291B9B9B0061DD43 /* Debug */,
				AF4BE8FF291B9B9B0061DD43 /* Release */,
			);
			defaultConfigurationIsVisible = 0;
			defaultConfigurationName = Release;
		};
		AF4BE900291B9B9B0061DD43 /* Build configuration list for PBXNativeTarget "ShoppingApp" */ = {
			isa = XCConfigurationList;
			buildConfigurations = (
				AF4BE901291B9B9B0061DD43 /* Debug */,
				AF4BE902291B9B9B0061DD43 /* Release */,
			);
			defaultConfigurationIsVisible = 0;
			defaultConfigurationName = Release;
		};
/* End XCConfigurationList section */
	};
	rootObject = AF4BE8EA291B9B990061DD43 /* Project object */;
}
